
Microsoft Visual Studio Solution File, Format Version 12.00
# Visual Studio 15
VisualStudioVersion = 15.0.27130.2027
MinimumVisualStudioVersion = 10.0.40219.1
Project("{9A19103F-16F7-4668-BE54-9A1E7A4F7556}") = "LCARS", "LCARS.csproj", "{939764E7-5199-4888-A8F7-0099463836E1}"
EndProject
Global
	GlobalSection(SolutionConfigurationPlatforms) = preSolution
		Debug|Any CPU = Debug|Any CPU
		Release|Any CPU = Release|Any CPU
	EndGlobalSection
	GlobalSection(ProjectConfigurationPlatforms) = postSolution
		{939764E7-5199-4888-A8F7-0099463836E1}.Debug|Any CPU.ActiveCfg = Debug|Any CPU
		{939764E7-5199-4888-A8F7-0099463836E1}.Debug|Any CPU.Build.0 = Debug|Any CPU
		{939764E7-5199-4888-A8F7-0099463836E1}.Release|Any CPU.ActiveCfg = Release|Any CPU
		{939764E7-5199-4888-A8F7-0099463836E1}.Release|Any CPU.Build.0 = Release|Any CPU
	EndGlobalSection
	GlobalSection(SolutionProperties) = preSolution
		HideSolutionNode = FALSE
	EndGlobalSection
	GlobalSection(ExtensibilityGlobals) = postSolution
		SolutionGuid = {8D1E620E-703C-483A-A39C-0EEB8EB3864C}
	EndGlobalSection
EndGlobal
